
Microsoft Visual Studio Solution File, Format Version 12.00
# Visual Studio Version 17
VisualStudioVersion = 17.12.35506.116
MinimumVisualStudioVersion = 10.0.40219.1
Project("{FAE04EC0-301F-11D3-BF4B-00C04F79EFBC}") = "Akeldov.Math.Intervals", "src\Akeldov.Math.Intervals\Akeldov.Math.Intervals.csproj", "{4BEA0229-A4F3-468C-B10C-71125BC38F16}"
EndProject
Project("{FAE04EC0-301F-11D3-BF4B-00C04F79EFBC}") = "Akeldov.Math.Spatial2D", "src\Akeldov.Math.Spatial2D\Akeldov.Math.Spatial2D.csproj", "{151E3C50-E6D4-472B-9138-C08B8BA5EB43}"
EndProject
Project("{2150E333-8FDC-42A3-9474-1A3956D46DE8}") = "tests", "tests", "{2AA7C352-506F-4F52-8525-42B261FC906D}"
EndProject
Project("{FAE04EC0-301F-11D3-BF4B-00C04F79EFBC}") = "Akeldov.Math.Spatial2D.Tests", "tests\Akeldov.Math.Spatial2D.Tests\Akeldov.Math.Spatial2D.Tests.csproj", "{21D032CC-729C-48F9-9717-668C51441188}"
EndProject
Project("{2150E333-8FDC-42A3-9474-1A3956D46DE8}") = "src", "src", "{55C7611B-0B20-456C-A88F-5F28DFD7ECAF}"
EndProject
Project("{2150E333-8FDC-42A3-9474-1A3956D46DE8}") = "benchmarks", "benchmarks", "{F5AC5C1B-DCA2-4C9F-A26B-B9EF0DB8FCE7}"
EndProject
Project("{FAE04EC0-301F-11D3-BF4B-00C04F79EFBC}") = "Akeldov.Math.Spatial2D.Benchmarks", "benchmarks\Akeldov.Math.Spatial2D.Benchmarks\Akeldov.Math.Spatial2D.Benchmarks.csproj", "{1D4C5CC3-27D5-4ABF-A5EF-E0DBEFCC4A5B}"
EndProject
Project("{FAE04EC0-301F-11D3-BF4B-00C04F79EFBC}") = "Akeldov.Math.Hexes", "src\Akeldov.Math.Hexes\Akeldov.Math.Hexes.csproj", "{414A9EE2-69BD-40A6-9D17-CF89CE34F17F}"
EndProject
Project("{FAE04EC0-301F-11D3-BF4B-00C04F79EFBC}") = "Akeldov.Math.Hexes.Tests", "tests\Akeldov.Math.Hexes.Tests\Akeldov.Math.Hexes.Tests.csproj", "{53D1F008-2136-40B1-B1AC-33E59490428C}"
EndProject
Global
	GlobalSection(SolutionConfigurationPlatforms) = preSolution
		Debug|Any CPU = Debug|Any CPU
		Release|Any CPU = Release|Any CPU
	EndGlobalSection
	GlobalSection(ProjectConfigurationPlatforms) = postSolution
		{4BEA0229-A4F3-468C-B10C-71125BC38F16}.Debug|Any CPU.ActiveCfg = Debug|Any CPU
		{4BEA0229-A4F3-468C-B10C-71125BC38F16}.Debug|Any CPU.Build.0 = Debug|Any CPU
		{4BEA0229-A4F3-468C-B10C-71125BC38F16}.Release|Any CPU.ActiveCfg = Release|Any CPU
		{4BEA0229-A4F3-468C-B10C-71125BC38F16}.Release|Any CPU.Build.0 = Release|Any CPU
		{151E3C50-E6D4-472B-9138-C08B8BA5EB43}.Debug|Any CPU.ActiveCfg = Debug|Any CPU
		{151E3C50-E6D4-472B-9138-C08B8BA5EB43}.Debug|Any CPU.Build.0 = Debug|Any CPU
		{151E3C50-E6D4-472B-9138-C08B8BA5EB43}.Release|Any CPU.ActiveCfg = Release|Any CPU
		{151E3C50-E6D4-472B-9138-C08B8BA5EB43}.Release|Any CPU.Build.0 = Release|Any CPU
		{21D032CC-729C-48F9-9717-668C51441188}.Debug|Any CPU.ActiveCfg = Debug|Any CPU
		{21D032CC-729C-48F9-9717-668C51441188}.Debug|Any CPU.Build.0 = Debug|Any CPU
		{21D032CC-729C-48F9-9717-668C51441188}.Release|Any CPU.ActiveCfg = Release|Any CPU
		{21D032CC-729C-48F9-9717-668C51441188}.Release|Any CPU.Build.0 = Release|Any CPU
		{1D4C5CC3-27D5-4ABF-A5EF-E0DBEFCC4A5B}.Debug|Any CPU.ActiveCfg = Debug|Any CPU
		{1D4C5CC3-27D5-4ABF-A5EF-E0DBEFCC4A5B}.Debug|Any CPU.Build.0 = Debug|Any CPU
		{1D4C5CC3-27D5-4ABF-A5EF-E0DBEFCC4A5B}.Release|Any CPU.ActiveCfg = Release|Any CPU
		{1D4C5CC3-27D5-4ABF-A5EF-E0DBEFCC4A5B}.Release|Any CPU.Build.0 = Release|Any CPU
		{414A9EE2-69BD-40A6-9D17-CF89CE34F17F}.Debug|Any CPU.ActiveCfg = Debug|Any CPU
		{414A9EE2-69BD-40A6-9D17-CF89CE34F17F}.Debug|Any CPU.Build.0 = Debug|Any CPU
		{414A9EE2-69BD-40A6-9D17-CF89CE34F17F}.Release|Any CPU.ActiveCfg = Release|Any CPU
		{414A9EE2-69BD-40A6-9D17-CF89CE34F17F}.Release|Any CPU.Build.0 = Release|Any CPU
		{53D1F008-2136-40B1-B1AC-33E59490428C}.Debug|Any CPU.ActiveCfg = Debug|Any CPU
		{53D1F008-2136-40B1-B1AC-33E59490428C}.Debug|Any CPU.Build.0 = Debug|Any CPU
		{53D1F008-2136-40B1-B1AC-33E59490428C}.Release|Any CPU.ActiveCfg = Release|Any CPU
		{53D1F008-2136-40B1-B1AC-33E59490428C}.Release|Any CPU.Build.0 = Release|Any CPU
	EndGlobalSection
	GlobalSection(SolutionProperties) = preSolution
		HideSolutionNode = FALSE
	EndGlobalSection
	GlobalSection(NestedProjects) = preSolution
		{4BEA0229-A4F3-468C-B10C-71125BC38F16} = {55C7611B-0B20-456C-A88F-5F28DFD7ECAF}
		{151E3C50-E6D4-472B-9138-C08B8BA5EB43} = {55C7611B-0B20-456C-A88F-5F28DFD7ECAF}
		{21D032CC-729C-48F9-9717-668C51441188} = {2AA7C352-506F-4F52-8525-42B261FC906D}
		{1D4C5CC3-27D5-4ABF-A5EF-E0DBEFCC4A5B} = {F5AC5C1B-DCA2-4C9F-A26B-B9EF0DB8FCE7}
		{414A9EE2-69BD-40A6-9D17-CF89CE34F17F} = {55C7611B-0B20-456C-A88F-5F28DFD7ECAF}
		{53D1F008-2136-40B1-B1AC-33E59490428C} = {2AA7C352-506F-4F52-8525-42B261FC906D}
	EndGlobalSection
	GlobalSection(ExtensibilityGlobals) = postSolution
		SolutionGuid = {5F13E249-3E55-4FA9-80CE-D21EC009E9DD}
	EndGlobalSection
EndGlobal
